
Microsoft Visual Studio Solution File, Format Version 12.00
# Visual Studio Version 16
VisualStudioVersion = 16.0.30104.148
MinimumVisualStudioVersion = 10.0.40219.1
Project("{FAE04EC0-301F-11D3-BF4B-00C04F79EFBC}") = "WindowsFormsApp1OX", "WindowsFormsApp1OX\WindowsFormsApp1OX.csproj", "{A7779A94-9898-4660-8422-6822A4ABD985}"
EndProject
Global
	GlobalSection(SolutionConfigurationPlatforms) = preSolution
		Debug|Any CPU = Debug|Any CPU
		Release|Any CPU = Release|Any CPU
	EndGlobalSection
	GlobalSection(ProjectConfigurationPlatforms) = postSolution
		{A7779A94-9898-4660-8422-6822A4ABD985}.Debug|Any CPU.ActiveCfg = Debug|Any CPU
		{A7779A94-9898-4660-8422-6822A4ABD985}.Debug|Any CPU.Build.0 = Debug|Any CPU
		{A7779A94-9898-4660-8422-6822A4ABD985}.Release|Any CPU.ActiveCfg = Release|Any CPU
		{A7779A94-9898-4660-8422-6822A4ABD985}.Release|Any CPU.Build.0 = Release|Any CPU
	EndGlobalSection
	GlobalSection(SolutionProperties) = preSolution
		HideSolutionNode = FALSE
	EndGlobalSection
	GlobalSection(ExtensibilityGlobals) = postSolution
		SolutionGuid = {1438E46B-280D-43D1-AF8E-9AF960C4C9F2}
	EndGlobalSection
EndGlobal
